
Microsoft Visual Studio Solution File, Format Version 12.00
# Visual Studio Version 17
VisualStudioVersion = 17.8.34330.188
MinimumVisualStudioVersion = 10.0.40219.1
Project("{FAE04EC0-301F-11D3-BF4B-00C04F79EFBC}") = "ExerciseEighteenT2", "ExerciseEighteenT2\ExerciseEighteenT2.csproj", "{0B03841D-8038-41B7-AFBE-8E90EFEF4F3B}"
EndProject
Global
	GlobalSection(SolutionConfigurationPlatforms) = preSolution
		Debug|Any CPU = Debug|Any CPU
		Release|Any CPU = Release|Any CPU
	EndGlobalSection
	GlobalSection(ProjectConfigurationPlatforms) = postSolution
		{0B03841D-8038-41B7-AFBE-8E90EFEF4F3B}.Debug|Any CPU.ActiveCfg = Debug|Any CPU
		{0B03841D-8038-41B7-AFBE-8E90EFEF4F3B}.Debug|Any CPU.Build.0 = Debug|Any CPU
		{0B03841D-8038-41B7-AFBE-8E90EFEF4F3B}.Release|Any CPU.ActiveCfg = Release|Any CPU
		{0B03841D-8038-41B7-AFBE-8E90EFEF4F3B}.Release|Any CPU.Build.0 = Release|Any CPU
	EndGlobalSection
	GlobalSection(SolutionProperties) = preSolution
		HideSolutionNode = FALSE
	EndGlobalSection
	GlobalSection(ExtensibilityGlobals) = postSolution
		SolutionGuid = {5812589E-45DE-4025-A17D-A3492AA68ABD}
	EndGlobalSection
EndGlobal
