
Microsoft Visual Studio Solution File, Format Version 12.00
# Visual Studio Version 17
VisualStudioVersion = 17.8.34330.188
MinimumVisualStudioVersion = 10.0.40219.1
Project("{FAE04EC0-301F-11D3-BF4B-00C04F79EFBC}") = "ExerciseTwentysixT2", "ExerciseTwentysixT2\ExerciseTwentysixT2.csproj", "{5F614D36-7771-4187-839E-42242167D2FC}"
EndProject
Global
	GlobalSection(SolutionConfigurationPlatforms) = preSolution
		Debug|Any CPU = Debug|Any CPU
		Release|Any CPU = Release|Any CPU
	EndGlobalSection
	GlobalSection(ProjectConfigurationPlatforms) = postSolution
		{5F614D36-7771-4187-839E-42242167D2FC}.Debug|Any CPU.ActiveCfg = Debug|Any CPU
		{5F614D36-7771-4187-839E-42242167D2FC}.Debug|Any CPU.Build.0 = Debug|Any CPU
		{5F614D36-7771-4187-839E-42242167D2FC}.Release|Any CPU.ActiveCfg = Release|Any CPU
		{5F614D36-7771-4187-839E-42242167D2FC}.Release|Any CPU.Build.0 = Release|Any CPU
	EndGlobalSection
	GlobalSection(SolutionProperties) = preSolution
		HideSolutionNode = FALSE
	EndGlobalSection
	GlobalSection(ExtensibilityGlobals) = postSolution
		SolutionGuid = {5A0494B6-CF8D-4A23-B432-9C0834D595C3}
	EndGlobalSection
EndGlobal
