
Microsoft Visual Studio Solution File, Format Version 12.00
# Visual Studio Version 17
VisualStudioVersion = 17.8.34330.188
MinimumVisualStudioVersion = 10.0.40219.1
Project("{FAE04EC0-301F-11D3-BF4B-00C04F79EFBC}") = "ExerciseNineteenT2", "ExerciseNineteenT2\ExerciseNineteenT2.csproj", "{1117C01C-B024-4D60-B5FD-2969EB68ECF0}"
EndProject
Global
	GlobalSection(SolutionConfigurationPlatforms) = preSolution
		Debug|Any CPU = Debug|Any CPU
		Release|Any CPU = Release|Any CPU
	EndGlobalSection
	GlobalSection(ProjectConfigurationPlatforms) = postSolution
		{1117C01C-B024-4D60-B5FD-2969EB68ECF0}.Debug|Any CPU.ActiveCfg = Debug|Any CPU
		{1117C01C-B024-4D60-B5FD-2969EB68ECF0}.Debug|Any CPU.Build.0 = Debug|Any CPU
		{1117C01C-B024-4D60-B5FD-2969EB68ECF0}.Release|Any CPU.ActiveCfg = Release|Any CPU
		{1117C01C-B024-4D60-B5FD-2969EB68ECF0}.Release|Any CPU.Build.0 = Release|Any CPU
	EndGlobalSection
	GlobalSection(SolutionProperties) = preSolution
		HideSolutionNode = FALSE
	EndGlobalSection
	GlobalSection(ExtensibilityGlobals) = postSolution
		SolutionGuid = {5CBA5642-5E5D-4EBB-8034-07BBFC14E54D}
	EndGlobalSection
EndGlobal
