
Microsoft Visual Studio Solution File, Format Version 12.00
# Visual Studio Version 17
VisualStudioVersion = 17.8.34330.188
MinimumVisualStudioVersion = 10.0.40219.1
Project("{FAE04EC0-301F-11D3-BF4B-00C04F79EFBC}") = "ExerciseEightT2", "ExerciseEightT2\ExerciseEightT2.csproj", "{14E3D67B-7873-4854-83FD-EA1440C5A789}"
EndProject
Global
	GlobalSection(SolutionConfigurationPlatforms) = preSolution
		Debug|Any CPU = Debug|Any CPU
		Release|Any CPU = Release|Any CPU
	EndGlobalSection
	GlobalSection(ProjectConfigurationPlatforms) = postSolution
		{14E3D67B-7873-4854-83FD-EA1440C5A789}.Debug|Any CPU.ActiveCfg = Debug|Any CPU
		{14E3D67B-7873-4854-83FD-EA1440C5A789}.Debug|Any CPU.Build.0 = Debug|Any CPU
		{14E3D67B-7873-4854-83FD-EA1440C5A789}.Release|Any CPU.ActiveCfg = Release|Any CPU
		{14E3D67B-7873-4854-83FD-EA1440C5A789}.Release|Any CPU.Build.0 = Release|Any CPU
	EndGlobalSection
	GlobalSection(SolutionProperties) = preSolution
		HideSolutionNode = FALSE
	EndGlobalSection
	GlobalSection(ExtensibilityGlobals) = postSolution
		SolutionGuid = {31F1DE24-5021-46B6-9F12-CC3E8704374B}
	EndGlobalSection
EndGlobal
