
Microsoft Visual Studio Solution File, Format Version 12.00
# Visual Studio Version 17
VisualStudioVersion = 17.8.34330.188
MinimumVisualStudioVersion = 10.0.40219.1
Project("{FAE04EC0-301F-11D3-BF4B-00C04F79EFBC}") = "ExerciseSixteenT2", "ExerciseSixteenT2\ExerciseSixteenT2.csproj", "{ACC10DC1-0105-4F1D-A3A8-F6FB6FD7F4B5}"
EndProject
Global
	GlobalSection(SolutionConfigurationPlatforms) = preSolution
		Debug|Any CPU = Debug|Any CPU
		Release|Any CPU = Release|Any CPU
	EndGlobalSection
	GlobalSection(ProjectConfigurationPlatforms) = postSolution
		{ACC10DC1-0105-4F1D-A3A8-F6FB6FD7F4B5}.Debug|Any CPU.ActiveCfg = Debug|Any CPU
		{ACC10DC1-0105-4F1D-A3A8-F6FB6FD7F4B5}.Debug|Any CPU.Build.0 = Debug|Any CPU
		{ACC10DC1-0105-4F1D-A3A8-F6FB6FD7F4B5}.Release|Any CPU.ActiveCfg = Release|Any CPU
		{ACC10DC1-0105-4F1D-A3A8-F6FB6FD7F4B5}.Release|Any CPU.Build.0 = Release|Any CPU
	EndGlobalSection
	GlobalSection(SolutionProperties) = preSolution
		HideSolutionNode = FALSE
	EndGlobalSection
	GlobalSection(ExtensibilityGlobals) = postSolution
		SolutionGuid = {E8FCD6D7-BA46-4269-A499-8669FB84D011}
	EndGlobalSection
EndGlobal
