
Microsoft Visual Studio Solution File, Format Version 12.00
# Visual Studio Version 17
VisualStudioVersion = 17.8.34330.188
MinimumVisualStudioVersion = 10.0.40219.1
Project("{FAE04EC0-301F-11D3-BF4B-00C04F79EFBC}") = "ExerciseTwentythreeT2", "ExerciseTwentythreeT2\ExerciseTwentythreeT2.csproj", "{AC7184C9-A6E9-4507-BC43-8CED9E71E7A3}"
EndProject
Project("{FAE04EC0-301F-11D3-BF4B-00C04F79EFBC}") = "ExerciseTwentythreeT2Tests", "ExerciseTwentythreeT2Tests\ExerciseTwentythreeT2Tests.csproj", "{3DAE5DD4-0A40-4462-968B-2E7DEE5397AE}"
EndProject
Global
	GlobalSection(SolutionConfigurationPlatforms) = preSolution
		Debug|Any CPU = Debug|Any CPU
		Release|Any CPU = Release|Any CPU
	EndGlobalSection
	GlobalSection(ProjectConfigurationPlatforms) = postSolution
		{AC7184C9-A6E9-4507-BC43-8CED9E71E7A3}.Debug|Any CPU.ActiveCfg = Debug|Any CPU
		{AC7184C9-A6E9-4507-BC43-8CED9E71E7A3}.Debug|Any CPU.Build.0 = Debug|Any CPU
		{AC7184C9-A6E9-4507-BC43-8CED9E71E7A3}.Release|Any CPU.ActiveCfg = Release|Any CPU
		{AC7184C9-A6E9-4507-BC43-8CED9E71E7A3}.Release|Any CPU.Build.0 = Release|Any CPU
		{3DAE5DD4-0A40-4462-968B-2E7DEE5397AE}.Debug|Any CPU.ActiveCfg = Debug|Any CPU
		{3DAE5DD4-0A40-4462-968B-2E7DEE5397AE}.Debug|Any CPU.Build.0 = Debug|Any CPU
		{3DAE5DD4-0A40-4462-968B-2E7DEE5397AE}.Release|Any CPU.ActiveCfg = Release|Any CPU
		{3DAE5DD4-0A40-4462-968B-2E7DEE5397AE}.Release|Any CPU.Build.0 = Release|Any CPU
	EndGlobalSection
	GlobalSection(SolutionProperties) = preSolution
		HideSolutionNode = FALSE
	EndGlobalSection
	GlobalSection(ExtensibilityGlobals) = postSolution
		SolutionGuid = {31549A41-F132-40E2-83A5-922AEC77B346}
	EndGlobalSection
EndGlobal
